// !$*UTF8*$!
{
	archiveVersion = 1;
	classes = {
	};
	objectVersion = 46;
	objects = {

/* Begin PBXBuildFile section */
		4B9C8E471D4C56760025B12A /* AppDelegate.swift in Sources */ = {isa = PBXBuildFile; fileRef = 4B9C8E461D4C56760025B12A /* AppDelegate.swift */; };
		4B9C8E491D4C56760025B12A /* ViewController.swift in Sources */ = {isa = PBXBuildFile; fileRef = 4B9C8E481D4C56760025B12A /* ViewController.swift */; };
		4B9C8E4C1D4C56760025B12A /* Main.storyboard in Resources */ = {isa = PBXBuildFile; fileRef = 4B9C8E4A1D4C56760025B12A /* Main.storyboard */; };
		4B9C8E4E1D4C56760025B12A /* Assets.xcassets in Resources */ = {isa = PBXBuildFile; fileRef = 4B9C8E4D1D4C56760025B12A /* Assets.xcassets */; };
		4B9C8E511D4C56760025B12A /* LaunchScreen.storyboard in Resources */ = {isa = PBXBuildFile; fileRef = 4B9C8E4F1D4C56760025B12A /* LaunchScreen.storyboard */; };
		4B9C8E5C1D4C56770025B12A /* helthTests.swift in Sources */ = {isa = PBXBuildFile; fileRef = 4B9C8E5B1D4C56770025B12A /* helthTests.swift */; };
		4B9C8E671D4C56770025B12A /* helthUITests.swift in Sources */ = {isa = PBXBuildFile; fileRef = 4B9C8E661D4C56770025B12A /* helthUITests.swift */; };
		4BE833E91D8546D800E678BC /* MemoViewController.swift in Sources */ = {isa = PBXBuildFile; fileRef = 4BE833E81D8546D800E678BC /* MemoViewController.swift */; };
		4BEAC2F41D4DA390007B4108 /* CalenderViewController.swift in Sources */ = {isa = PBXBuildFile; fileRef = 4BEAC2F31D4DA390007B4108 /* CalenderViewController.swift */; };
		4BF713B81D8517AA00F1851E /* CustomCell.swift in Sources */ = {isa = PBXBuildFile; fileRef = 4BF713B71D8517AA00F1851E /* CustomCell.swift */; };
		4BF713BA1D85237300F1851E /* DetailViewController.swift in Sources */ = {isa = PBXBuildFile; fileRef = 4BF713B91D85237300F1851E /* DetailViewController.swift */; };
/* End PBXBuildFile section */

/* Begin PBXContainerItemProxy section */
		4B9C8E581D4C56770025B12A /* PBXContainerItemProxy */ = {
			isa = PBXContainerItemProxy;
			containerPortal = 4B9C8E3B1D4C56760025B12A /* Project object */;
			proxyType = 1;
			remoteGlobalIDString = 4B9C8E421D4C56760025B12A;
			remoteInfo = helth;
		};
		4B9C8E631D4C56770025B12A /* PBXContainerItemProxy */ = {
			isa = PBXContainerItemProxy;
			containerPortal = 4B9C8E3B1D4C56760025B12A /* Project object */;
			proxyType = 1;
			remoteGlobalIDString = 4B9C8E421D4C56760025B12A;
			remoteInfo = helth;
		};
/* End PBXContainerItemProxy section */

/* Begin PBXFileReference section */
		4B9C8E431D4C56760025B12A /* helth.app */ = {isa = PBXFileReference; explicitFileType = wrapper.application; includeInIndex = 0; path = helth.app; sourceTree = BUILT_PRODUCTS_DIR; };
		4B9C8E461D4C56760025B12A /* AppDelegate.swift */ = {isa = PBXFileReference; lastKnownFileType = sourcecode.swift; path = AppDelegate.swift; sourceTree = "<group>"; };
		4B9C8E481D4C56760025B12A /* ViewController.swift */ = {isa = PBXFileReference; lastKnownFileType = sourcecode.swift; path = ViewController.swift; sourceTree = "<group>"; };
		4B9C8E4B1D4C56760025B12A /* Base */ = {isa = PBXFileReference; lastKnownFileType = file.storyboard; name = Base; path = Base.lproj/Main.storyboard; sourceTree = "<group>"; };
		4B9C8E4D1D4C56760025B12A /* Assets.xcassets */ = {isa = PBXFileReference; lastKnownFileType = folder.assetcatalog; path = Assets.xcassets; sourceTree = "<group>"; };
		4B9C8E501D4C56760025B12A /* Base */ = {isa = PBXFileReference; lastKnownFileType = file.storyboard; name = Base; path = Base.lproj/LaunchScreen.storyboard; sourceTree = "<group>"; };
		4B9C8E521D4C56760025B12A /* Info.plist */ = {isa = PBXFileReference; lastKnownFileType = text.plist.xml; path = Info.plist; sourceTree = "<group>"; };
		4B9C8E571D4C56770025B12A /* helthTests.xctest */ = {isa = PBXFileReference; explicitFileType = wrapper.cfbundle; includeInIndex = 0; path = helthTests.xctest; sourceTree = BUILT_PRODUCTS_DIR; };
		4B9C8E5B1D4C56770025B12A /* helthTests.swift */ = {isa = PBXFileReference; lastKnownFileType = sourcecode.swift; path = helthTests.swift; sourceTree = "<group>"; };
		4B9C8E5D1D4C56770025B12A /* Info.plist */ = {isa = PBXFileReference; lastKnownFileType = text.plist.xml; path = Info.plist; sourceTree = "<group>"; };
		4B9C8E621D4C56770025B12A /* helthUITests.xctest */ = {isa = PBXFileReference; explicitFileType = wrapper.cfbundle; includeInIndex = 0; path = helthUITests.xctest; sourceTree = BUILT_PRODUCTS_DIR; };
		4B9C8E661D4C56770025B12A /* helthUITests.swift */ = {isa = PBXFileReference; lastKnownFileType = sourcecode.swift; path = helthUITests.swift; sourceTree = "<group>"; };
		4B9C8E681D4C56770025B12A /* Info.plist */ = {isa = PBXFileReference; lastKnownFileType = text.plist.xml; path = Info.plist; sourceTree = "<group>"; };
		4BE833E81D8546D800E678BC /* MemoViewController.swift */ = {isa = PBXFileReference; fileEncoding = 4; lastKnownFileType = sourcecode.swift; path = MemoViewController.swift; sourceTree = "<group>"; };
		4BEAC2F31D4DA390007B4108 /* CalenderViewController.swift */ = {isa = PBXFileReference; fileEncoding = 4; lastKnownFileType = sourcecode.swift; path = CalenderViewController.swift; sourceTree = "<group>"; };
		4BF713B71D8517AA00F1851E /* CustomCell.swift */ = {isa = PBXFileReference; fileEncoding = 4; lastKnownFileType = sourcecode.swift; path = CustomCell.swift; sourceTree = "<group>"; };
		4BF713B91D85237300F1851E /* DetailViewController.swift */ = {isa = PBXFileReference; fileEncoding = 4; lastKnownFileType = sourcecode.swift; path = DetailViewController.swift; sourceTree = "<group>"; };
/* End PBXFileReference section */

/* Begin PBXFrameworksBuildPhase section */
		4B9C8E401D4C56760025B12A /* Frameworks */ = {
			isa = PBXFrameworksBuildPhase;
			buildActionMask = 2147483647;
			files = (
			);
			runOnlyForDeploymentPostprocessing = 0;
		};
		4B9C8E541D4C56770025B12A /* Frameworks */ = {
			isa = PBXFrameworksBuildPhase;
			buildActionMask = 2147483647;
			files = (
			);
			runOnlyForDeploymentPostprocessing = 0;
		};
		4B9C8E5F1D4C56770025B12A /* Frameworks */ = {
			isa = PBXFrameworksBuildPhase;
			buildActionMask = 2147483647;
			files = (
			);
			runOnlyForDeploymentPostprocessing = 0;
		};
/* End PBXFrameworksBuildPhase section */

/* Begin PBXGroup section */
		4B9C8E3A1D4C56760025B12A = {
			isa = PBXGroup;
			children = (
				4B9C8E451D4C56760025B12A /* helth */,
				4B9C8E5A1D4C56770025B12A /* helthTests */,
				4B9C8E651D4C56770025B12A /* helthUITests */,
				4B9C8E441D4C56760025B12A /* Products */,
			);
			sourceTree = "<group>";
		};
		4B9C8E441D4C56760025B12A /* Products */ = {
			isa = PBXGroup;
			children = (
				4B9C8E431D4C56760025B12A /* helth.app */,
				4B9C8E571D4C56770025B12A /* helthTests.xctest */,
				4B9C8E621D4C56770025B12A /* helthUITests.xctest */,
			);
			name = Products;
			sourceTree = "<group>";
		};
		4B9C8E451D4C56760025B12A /* helth */ = {
			isa = PBXGroup;
			children = (
				4B9C8E461D4C56760025B12A /* AppDelegate.swift */,
				4B9C8E481D4C56760025B12A /* ViewController.swift */,
				4BEAC2F31D4DA390007B4108 /* CalenderViewController.swift */,
				4B9C8E4A1D4C56760025B12A /* Main.storyboard */,
				4B9C8E4D1D4C56760025B12A /* Assets.xcassets */,
				4B9C8E4F1D4C56760025B12A /* LaunchScreen.storyboard */,
				4B9C8E521D4C56760025B12A /* Info.plist */,
				4BF713B71D8517AA00F1851E /* CustomCell.swift */,
				4BF713B91D85237300F1851E /* DetailViewController.swift */,
				4BE833E81D8546D800E678BC /* MemoViewController.swift */,
			);
			path = helth;
			sourceTree = "<group>";
		};
		4B9C8E5A1D4C56770025B12A /* helthTests */ = {
			isa = PBXGroup;
			children = (
				4B9C8E5B1D4C56770025B12A /* helthTests.swift */,
				4B9C8E5D1D4C56770025B12A /* Info.plist */,
			);
			path = helthTests;
			sourceTree = "<group>";
		};
		4B9C8E651D4C56770025B12A /* helthUITests */ = {
			isa = PBXGroup;
			children = (
				4B9C8E661D4C56770025B12A /* helthUITests.swift */,
				4B9C8E681D4C56770025B12A /* Info.plist */,
			);
			path = helthUITests;
			sourceTree = "<group>";
		};
/* End PBXGroup section */

/* Begin PBXNativeTarget section */
		4B9C8E421D4C56760025B12A /* helth */ = {
			isa = PBXNativeTarget;
			buildConfigurationList = 4B9C8E6B1D4C56770025B12A /* Build configuration list for PBXNativeTarget "helth" */;
			buildPhases = (
				4B9C8E3F1D4C56760025B12A /* Sources */,
				4B9C8E401D4C56760025B12A /* Frameworks */,
				4B9C8E411D4C56760025B12A /* Resources */,
			);
			buildRules = (
			);
			dependencies = (
			);
			name = helth;
			productName = helth;
			productReference = 4B9C8E431D4C56760025B12A /* helth.app */;
			productType = "com.apple.product-type.application";
		};
		4B9C8E561D4C56770025B12A /* helthTests */ = {
			isa = PBXNativeTarget;
			buildConfigurationList = 4B9C8E6E1D4C56770025B12A /* Build configuration list for PBXNativeTarget "helthTests" */;
			buildPhases = (
				4B9C8E531D4C56770025B12A /* Sources */,
				4B9C8E541D4C56770025B12A /* Frameworks */,
				4B9C8E551D4C56770025B12A /* Resources */,
			);
			buildRules = (
			);
			dependencies = (
				4B9C8E591D4C56770025B12A /* PBXTargetDependency */,
			);
			name = helthTests;
			productName = helthTests;
			productReference = 4B9C8E571D4C56770025B12A /* helthTests.xctest */;
			productType = "com.apple.product-type.bundle.unit-test";
		};
		4B9C8E611D4C56770025B12A /* helthUITests */ = {
			isa = PBXNativeTarget;
			buildConfigurationList = 4B9C8E711D4C56770025B12A /* Build configuration list for PBXNativeTarget "helthUITests" */;
			buildPhases = (
				4B9C8E5E1D4C56770025B12A /* Sources */,
				4B9C8E5F1D4C56770025B12A /* Frameworks */,
				4B9C8E601D4C56770025B12A /* Resources */,
			);
			buildRules = (
			);
			dependencies = (
				4B9C8E641D4C56770025B12A /* PBXTargetDependency */,
			);
			name = helthUITests;
			productName = helthUITests;
			productReference = 4B9C8E621D4C56770025B12A /* helthUITests.xctest */;
			productType = "com.apple.product-type.bundle.ui-testing";
		};
/* End PBXNativeTarget section */

/* Begin PBXProject section */
		4B9C8E3B1D4C56760025B12A /* Project object */ = {
			isa = PBXProject;
			attributes = {
				LastSwiftUpdateCheck = 0730;
				LastUpgradeCheck = 0730;
				ORGANIZATIONNAME = Kiri;
				TargetAttributes = {
					4B9C8E421D4C56760025B12A = {
						CreatedOnToolsVersion = 7.3.1;
						DevelopmentTeam = U54A27363Y;
					};
					4B9C8E561D4C56770025B12A = {
						CreatedOnToolsVersion = 7.3.1;
						TestTargetID = 4B9C8E421D4C56760025B12A;
					};
					4B9C8E611D4C56770025B12A = {
						CreatedOnToolsVersion = 7.3.1;
						TestTargetID = 4B9C8E421D4C56760025B12A;
					};
				};
			};
			buildConfigurationList = 4B9C8E3E1D4C56760025B12A /* Build configuration list for PBXProject "helth" */;
			compatibilityVersion = "Xcode 3.2";
			developmentRegion = English;
			hasScannedForEncodings = 0;
			knownRegions = (
				en,
				Base,
			);
			mainGroup = 4B9C8E3A1D4C56760025B12A;
			productRefGroup = 4B9C8E441D4C56760025B12A /* Products */;
			projectDirPath = "";
			projectRoot = "";
			targets = (
				4B9C8E421D4C56760025B12A /* helth */,
				4B9C8E561D4C56770025B12A /* helthTests */,
				4B9C8E611D4C56770025B12A /* helthUITests */,
			);
		};
/* End PBXProject section */

/* Begin PBXResourcesBuildPhase section */
		4B9C8E411D4C56760025B12A /* Resources */ = {
			isa = PBXResourcesBuildPhase;
			buildActionMask = 2147483647;
			files = (
				4B9C8E511D4C56760025B12A /* LaunchScreen.storyboard in Resources */,
				4B9C8E4E1D4C56760025B12A /* Assets.xcassets in Resources */,
				4B9C8E4C1D4C56760025B12A /* Main.storyboard in Resources */,
			);
			runOnlyForDeploymentPostprocessing = 0;
		};
		4B9C8E551D4C56770025B12A /* Resources */ = {
			isa = PBXResourcesBuildPhase;
			buildActionMask = 2147483647;
			files = (
			);
			runOnlyForDeploymentPostprocessing = 0;
		};
		4B9C8E601D4C56770025B12A /* Resources */ = {
			isa = PBXResourcesBuildPhase;
			buildActionMask = 2147483647;
			files = (
			);
			runOnlyForDeploymentPostprocessing = 0;
		};
/* End PBXResourcesBuildPhase section */

/* Begin PBXSourcesBuildPhase section */
		4B9C8E3F1D4C56760025B12A /* Sources */ = {
			isa = PBXSourcesBuildPhase;
			buildActionMask = 2147483647;
			files = (
				4BEAC2F41D4DA390007B4108 /* CalenderViewController.swift in Sources */,
				4B9C8E491D4C56760025B12A /* ViewController.swift in Sources */,
				4BE833E91D8546D800E678BC /* MemoViewController.swift in Sources */,
				4BF713BA1D85237300F1851E /* DetailViewController.swift in Sources */,
				4BF713B81D8517AA00F1851E /* CustomCell.swift in Sources */,
				4B9C8E471D4C56760025B12A /* AppDelegate.swift in Sources */,
			);
			runOnlyForDeploymentPostprocessing = 0;
		};
		4B9C8E531D4C56770025B12A /* Sources */ = {
			isa = PBXSourcesBuildPhase;
			buildActionMask = 2147483647;
			files = (
				4B9C8E5C1D4C56770025B12A /* helthTests.swift in Sources */,
			);
			runOnlyForDeploymentPostprocessing = 0;
		};
		4B9C8E5E1D4C56770025B12A /* Sources */ = {
			isa = PBXSourcesBuildPhase;
			buildActionMask = 2147483647;
			files = (
				4B9C8E671D4C56770025B12A /* helthUITests.swift in Sources */,
			);
			runOnlyForDeploymentPostprocessing = 0;
		};
/* End PBXSourcesBuildPhase section */

/* Begin PBXTargetDependency section */
		4B9C8E591D4C56770025B12A /* PBXTargetDependency */ = {
			isa = PBXTargetDependency;
			target = 4B9C8E421D4C56760025B12A /* helth */;
			targetProxy = 4B9C8E581D4C56770025B12A /* PBXContainerItemProxy */;
		};
		4B9C8E641D4C56770025B12A /* PBXTargetDependency */ = {
			isa = PBXTargetDependency;
			target = 4B9C8E421D4C56760025B12A /* helth */;
			targetProxy = 4B9C8E631D4C56770025B12A /* PBXContainerItemProxy */;
		};
/* End PBXTargetDependency section */

/* Begin PBXVariantGroup section */
		4B9C8E4A1D4C56760025B12A /* Main.storyboard */ = {
			isa = PBXVariantGroup;
			children = (
				4B9C8E4B1D4C56760025B12A /* Base */,
			);
			name = Main.storyboard;
			sourceTree = "<group>";
		};
		4B9C8E4F1D4C56760025B12A /* LaunchScreen.storyboard */ = {
			isa = PBXVariantGroup;
			children = (
				4B9C8E501D4C56760025B12A /* Base */,
			);
			name = LaunchScreen.storyboard;
			sourceTree = "<group>";
		};
/* End PBXVariantGroup section */

/* Begin XCBuildConfiguration section */
		4B9C8E691D4C56770025B12A /* Debug */ = {
			isa = XCBuildConfiguration;
			buildSettings = {
				ALWAYS_SEARCH_USER_PATHS = NO;
				CLANG_ANALYZER_NONNULL = YES;
				CLANG_CXX_LANGUAGE_STANDARD = "gnu++0x";
				CLANG_CXX_LIBRARY = "libc++";
				CLANG_ENABLE_MODULES = YES;
				CLANG_ENABLE_OBJC_ARC = YES;
				CLANG_WARN_BOOL_CONVERSION = YES;
				CLANG_WARN_CONSTANT_CONVERSION = YES;
				CLANG_WARN_DIRECT_OBJC_ISA_USAGE = YES_ERROR;
				CLANG_WARN_EMPTY_BODY = YES;
				CLANG_WARN_ENUM_CONVERSION = YES;
				CLANG_WARN_INT_CONVERSION = YES;
				CLANG_WARN_OBJC_ROOT_CLASS = YES_ERROR;
				CLANG_WARN_UNREACHABLE_CODE = YES;
				CLANG_WARN__DUPLICATE_METHOD_MATCH = YES;
				"CODE_SIGN_IDENTITY[sdk=iphoneos*]" = "iPhone Developer";
				COPY_PHASE_STRIP = NO;
				DEBUG_INFORMATION_FORMAT = dwarf;
				ENABLE_STRICT_OBJC_MSGSEND = YES;
				ENABLE_TESTABILITY = YES;
				GCC_C_LANGUAGE_STANDARD = gnu99;
				GCC_DYNAMIC_NO_PIC = NO;
				GCC_NO_COMMON_BLOCKS = YES;
				GCC_OPTIMIZATION_LEVEL = 0;
				GCC_PREPROCESSOR_DEFINITIONS = (
					"DEBUG=1",
					"$(inherited)",
				);
				GCC_WARN_64_TO_32_BIT_CONVERSION = YES;
				GCC_WARN_ABOUT_RETURN_TYPE = YES_ERROR;
				GCC_WARN_UNDECLARED_SELECTOR = YES;
				GCC_WARN_UNINITIALIZED_AUTOS = YES_AGGRESSIVE;
				GCC_WARN_UNUSED_FUNCTION = YES;
				GCC_WARN_UNUSED_VARIABLE = YES;
				IPHONEOS_DEPLOYMENT_TARGET = 9.3;
				MTL_ENABLE_DEBUG_INFO = YES;
				ONLY_ACTIVE_ARCH = YES;
				SDKROOT = iphoneos;
				SWIFT_OPTIMIZATION_LEVEL = "-Onone";
			};
			name = Debug;
		};
		4B9C8E6A1D4C56770025B12A /* Release */ = {
			isa = XCBuildConfiguration;
			buildSettings = {
				ALWAYS_SEARCH_USER_PATHS = NO;
				CLANG_ANALYZER_NONNULL = YES;
				CLANG_CXX_LANGUAGE_STANDARD = "gnu++0x";
				CLANG_CXX_LIBRARY = "libc++";
				CLANG_ENABLE_MODULES = YES;
				CLANG_ENABLE_OBJC_ARC = YES;
				CLANG_WARN_BOOL_CONVERSION = YES;
				CLANG_WARN_CONSTANT_CONVERSION = YES;
				CLANG_WARN_DIRECT_OBJC_ISA_USAGE = YES_ERROR;
				CLANG_WARN_EMPTY_BODY = YES;
				CLANG_WARN_ENUM_CONVERSION = YES;
				CLANG_WARN_INT_CONVERSION = YES;
				CLANG_WARN_OBJC_ROOT_CLASS = YES_ERROR;
				CLANG_WARN_UNREACHABLE_CODE = YES;
				CLANG_WARN__DUPLICATE_METHOD_MATCH = YES;
				"CODE_SIGN_IDENTITY[sdk=iphoneos*]" = "iPhone Developer";
				COPY_PHASE_STRIP = NO;
				DEBUG_INFORMATION_FORMAT = "dwarf-with-dsym";
				ENABLE_NS_ASSERTIONS = NO;
				ENABLE_STRICT_OBJC_MSGSEND = YES;
				GCC_C_LANGUAGE_STANDARD = gnu99;
				GCC_NO_COMMON_BLOCKS = YES;
				GCC_WARN_64_TO_32_BIT_CONVERSION = YES;
				GCC_WARN_ABOUT_RETURN_TYPE = YES_ERROR;
				GCC_WARN_UNDECLARED_SELECTOR = YES;
				GCC_WARN_UNINITIALIZED_AUTOS = YES_AGGRESSIVE;
				GCC_WARN_UNUSED_FUNCTION = YES;
				GCC_WARN_UNUSED_VARIABLE = YES;
				IPHONEOS_DEPLOYMENT_TARGET = 9.3;
				MTL_ENABLE_DEBUG_INFO = NO;
				SDKROOT = iphoneos;
				VALIDATE_PRODUCT = YES;
			};
			name = Release;
		};
		4B9C8E6C1D4C56770025B12A /* Debug */ = {
			isa = XCBuildConfiguration;
			buildSettings = {
				ASSETCATALOG_COMPILER_APPICON_NAME = AppIcon;
				CODE_SIGN_IDENTITY = "iPhone Developer";
				"CODE_SIGN_IDENTITY[sdk=iphoneos*]" = "iPhone Developer";
				INFOPLIST_FILE = helth/Info.plist;
				IPHONEOS_DEPLOYMENT_TARGET = 9.3;
				LD_RUNPATH_SEARCH_PATHS = "$(inherited) @executable_path/Frameworks";
				PRODUCT_BUNDLE_IDENTIFIER = com.litech.helth;
				PRODUCT_NAME = "$(TARGET_NAME)";
				PROVISIONING_PROFILE = "";
			};
			name = Debug;
		};
		4B9C8E6D1D4C56770025B12A /* Release */ = {
			isa = XCBuildConfiguration;
			buildSettings = {
				ASSETCATALOG_COMPILER_APPICON_NAME = AppIcon;
				CODE_SIGN_IDENTITY = "iPhone Developer";
				"CODE_SIGN_IDENTITY[sdk=iphoneos*]" = "iPhone Developer";
				INFOPLIST_FILE = helth/Info.plist;
				IPHONEOS_DEPLOYMENT_TARGET = 9.3;
				LD_RUNPATH_SEARCH_PATHS = "$(inherited) @executable_path/Frameworks";
				PRODUCT_BUNDLE_IDENTIFIER = com.litech.helth;
				PRODUCT_NAME = "$(TARGET_NAME)";
				PROVISIONING_PROFILE = "";
			};
			name = Release;
		};
		4B9C8E6F1D4C56770025B12A /* Debug */ = {
			isa = XCBuildConfiguration;
			buildSettings = {
				BUNDLE_LOADER = "$(TEST_HOST)";
				INFOPLIST_FILE = helthTests/Info.plist;
				LD_RUNPATH_SEARCH_PATHS = "$(inherited) @executable_path/Frameworks @loader_path/Frameworks";
				PRODUCT_BUNDLE_IDENTIFIER = com.litech.helthTests;
				PRODUCT_NAME = "$(TARGET_NAME)";
				TEST_HOST = "$(BUILT_PRODUCTS_DIR)/helth.app/helth";
			};
			name = Debug;
		};
		4B9C8E701D4C56770025B12A /* Release */ = {
			isa = XCBuildConfiguration;
			buildSettings = {
				BUNDLE_LOADER = "$(TEST_HOST)";
				INFOPLIST_FILE = helthTests/Info.plist;
				LD_RUNPATH_SEARCH_PATHS = "$(inherited) @executable_path/Frameworks @loader_path/Frameworks";
				PRODUCT_BUNDLE_IDENTIFIER = com.litech.helthTests;
				PRODUCT_NAME = "$(TARGET_NAME)";
				TEST_HOST = "$(BUILT_PRODUCTS_DIR)/helth.app/helth";
			};
			name = Release;
		};
		4B9C8E721D4C56770025B12A /* Debug */ = {
			isa = XCBuildConfiguration;
			buildSettings = {
				INFOPLIST_FILE = helthUITests/Info.plist;
				LD_RUNPATH_SEARCH_PATHS = "$(inherited) @executable_path/Frameworks @loader_path/Frameworks";
				PRODUCT_BUNDLE_IDENTIFIER = com.litech.helthUITests;
				PRODUCT_NAME = "$(TARGET_NAME)";
				TEST_TARGET_NAME = helth;
			};
			name = Debug;
		};
		4B9C8E731D4C56770025B12A /* Release */ = {
			isa = XCBuildConfiguration;
			buildSettings = {
				INFOPLIST_FILE = helthUITests/Info.plist;
				LD_RUNPATH_SEARCH_PATHS = "$(inherited) @executable_path/Frameworks @loader_path/Frameworks";
				PRODUCT_BUNDLE_IDENTIFIER = com.litech.helthUITests;
				PRODUCT_NAME = "$(TARGET_NAME)";
				TEST_TARGET_NAME = helth;
			};
			name = Release;
		};
/* End XCBuildConfiguration section */

/* Begin XCConfigurationList section */
		4B9C8E3E1D4C56760025B12A /* Build configuration list for PBXProject "helth" */ = {
			isa = XCConfigurationList;
			buildConfigurations = (
				4B9C8E691D4C56770025B12A /* Debug */,
				4B9C8E6A1D4C56770025B12A /* Release */,
			);
			defaultConfigurationIsVisible = 0;
			defaultConfigurationName = Release;
		};
		4B9C8E6B1D4C56770025B12A /* Build configuration list for PBXNativeTarget "helth" */ = {
			isa = XCConfigurationList;
			buildConfigurations = (
				4B9C8E6C1D4C56770025B12A /* Debug */,
				4B9C8E6D1D4C56770025B12A /* Release */,
			);
			defaultConfigurationIsVisible = 0;
			defaultConfigurationName = Release;
		};
		4B9C8E6E1D4C56770025B12A /* Build configuration list for PBXNativeTarget "helthTests" */ = {
			isa = XCConfigurationList;
			buildConfigurations = (
				4B9C8E6F1D4C56770025B12A /* Debug */,
				4B9C8E701D4C56770025B12A /* Release */,
			);
			defaultConfigurationIsVisible = 0;
			defaultConfigurationName = Release;
		};
		4B9C8E711D4C56770025B12A /* Build configuration list for PBXNativeTarget "helthUITests" */ = {
			isa = XCConfigurationList;
			buildConfigurations = (
				4B9C8E721D4C56770025B12A /* Debug */,
				4B9C8E731D4C56770025B12A /* Release */,
			);
			defaultConfigurationIsVisible = 0;
			defaultConfigurationName = Release;
		};
/* End XCConfigurationList section */
	};
	rootObject = 4B9C8E3B1D4C56760025B12A /* Project object */;
}
